
Microsoft Visual Studio Solution File, Format Version 12.00
# Visual Studio 14
VisualStudioVersion = 14.0.25420.1
MinimumVisualStudioVersion = 10.0.40219.1
Project("{8BC9CEB8-8B4A-11D0-8D11-00A0C91BC942}") = "shin_kaiseki", "shin_kaiseki\shin_kaiseki.vcxproj", "{3424969C-AE33-4D3A-867A-28B4E4980628}"
EndProject
Global
	GlobalSection(Performance) = preSolution
		HasPerformanceSessions = true
	EndGlobalSection
	GlobalSection(SolutionConfigurationPlatforms) = preSolution
		Debug|Win32 = Debug|Win32
		Release|Win32 = Release|Win32
	EndGlobalSection
	GlobalSection(ProjectConfigurationPlatforms) = postSolution
		{3424969C-AE33-4D3A-867A-28B4E4980628}.Debug|Win32.ActiveCfg = Debug|Win32
		{3424969C-AE33-4D3A-867A-28B4E4980628}.Debug|Win32.Build.0 = Debug|Win32
		{3424969C-AE33-4D3A-867A-28B4E4980628}.Release|Win32.ActiveCfg = Release|Win32
		{3424969C-AE33-4D3A-867A-28B4E4980628}.Release|Win32.Build.0 = Release|Win32
	EndGlobalSection
	GlobalSection(SolutionProperties) = preSolution
		HideSolutionNode = FALSE
	EndGlobalSection
EndGlobal
